PODS:
  - Resolver (1.4.3)
  - SwiftLint (0.43.1)

DEPENDENCIES:
  - Resolver (= 1.4.3)
  - SwiftLint (= 0.43.1)

SPEC REPOS:
  trunk:
    - Resolver
    - SwiftLint

SPEC CHECKSUMS:
  Resolver: c0956ef605a64f63458166653fa4ef71df5acd98
  SwiftLint: 99f82d07b837b942dd563c668de129a03fc3fb52

PODFILE CHECKSUM: f9d5c34f6a3e49398c8e0dbf9c499dc0e58e180f

COCOAPODS: 1.11.2
